// !$*UTF8*$!
{
	archiveVersion = 1;
	classes = {
	};
	objectVersion = 46;
	objects = {

/* Begin PBXBuildFile section */
		F98524681C66FA8000847A5A /* AppDelegate.swift in Sources */ = {isa = PBXBuildFile; fileRef = F98524671C66FA8000847A5A /* AppDelegate.swift */; };
		F985246A1C66FA8000847A5A /* ViewController.swift in Sources */ = {isa = PBXBuildFile; fileRef = F98524691C66FA8000847A5A /* ViewController.swift */; };
		F985246D1C66FA8000847A5A /* Main.storyboard in Resources */ = {isa = PBXBuildFile; fileRef = F985246B1C66FA8000847A5A /* Main.storyboard */; };
		F985246F1C66FA8000847A5A /* Assets.xcassets in Resources */ = {isa = PBXBuildFile; fileRef = F985246E1C66FA8000847A5A /* Assets.xcassets */; };
		F98524721C66FA8000847A5A /* LaunchScreen.storyboard in Resources */ = {isa = PBXBuildFile; fileRef = F98524701C66FA8000847A5A /* LaunchScreen.storyboard */; };
/* End PBXBuildFile section */

/* Begin PBXFileReference section */
		F98524641C66FA8000847A5A /* ShowcaseJB.app */ = {isa = PBXFileReference; explicitFileType = wrapper.application; includeInIndex = 0; path = ShowcaseJB.app; sourceTree = BUILT_PRODUCTS_DIR; };
		F98524671C66FA8000847A5A /* AppDelegate.swift */ = {isa = PBXFileReference; lastKnownFileType = sourcecode.swift; path = AppDelegate.swift; sourceTree = "<group>"; };
		F98524691C66FA8000847A5A /* ViewController.swift */ = {isa = PBXFileReference; lastKnownFileType = sourcecode.swift; path = ViewController.swift; sourceTree = "<group>"; };
		F985246C1C66FA8000847A5A /* Base */ = {isa = PBXFileReference; lastKnownFileType = file.storyboard; name = Base; path = Base.lproj/Main.storyboard; sourceTree = "<group>"; };
		F985246E1C66FA8000847A5A /* Assets.xcassets */ = {isa = PBXFileReference; lastKnownFileType = folder.assetcatalog; path = Assets.xcassets; sourceTree = "<group>"; };
		F98524711C66FA8000847A5A /* Base */ = {isa = PBXFileReference; lastKnownFileType = file.storyboard; name = Base; path = Base.lproj/LaunchScreen.storyboard; sourceTree = "<group>"; };
		F98524731C66FA8000847A5A /* Info.plist */ = {isa = PBXFileReference; lastKnownFileType = text.plist.xml; path = Info.plist; sourceTree = "<group>"; };
/* End PBXFileReference section */

/* Begin PBXFrameworksBuildPhase section */
		F98524611C66FA8000847A5A /* Frameworks */ = {
			isa = PBXFrameworksBuildPhase;
			buildActionMask = 2147483647;
			files = (
			);
			runOnlyForDeploymentPostprocessing = 0;
		};
/* End PBXFrameworksBuildPhase section */

/* Begin PBXGroup section */
		F985245B1C66FA8000847A5A = {
			isa = PBXGroup;
			children = (
				F98524661C66FA8000847A5A /* ShowcaseJB */,
				F98524651C66FA8000847A5A /* Products */,
			);
			sourceTree = "<group>";
		};
		F98524651C66FA8000847A5A /* Products */ = {
			isa = PBXGroup;
			children = (
				F98524641C66FA8000847A5A /* ShowcaseJB.app */,
			);
			name = Products;
			sourceTree = "<group>";
		};
		F98524661C66FA8000847A5A /* ShowcaseJB */ = {
			isa = PBXGroup;
			children = (
				F98524671C66FA8000847A5A /* AppDelegate.swift */,
				F98524691C66FA8000847A5A /* ViewController.swift */,
				F985246B1C66FA8000847A5A /* Main.storyboard */,
				F985246E1C66FA8000847A5A /* Assets.xcassets */,
				F98524701C66FA8000847A5A /* LaunchScreen.storyboard */,
				F98524731C66FA8000847A5A /* Info.plist */,
			);
			path = ShowcaseJB;
			sourceTree = "<group>";
		};
/* End PBXGroup section */

/* Begin PBXNativeTarget section */
		F98524631C66FA8000847A5A /* ShowcaseJB */ = {
			isa = PBXNativeTarget;
			buildConfigurationList = F98524761C66FA8000847A5A /* Build configuration list for PBXNativeTarget "ShowcaseJB" */;
			buildPhases = (
				F98524601C66FA8000847A5A /* Sources */,
				F98524611C66FA8000847A5A /* Frameworks */,
				F98524621C66FA8000847A5A /* Resources */,
			);
			buildRules = (
			);
			dependencies = (
			);
			name = ShowcaseJB;
			productName = ShowcaseJB;
			productReference = F98524641C66FA8000847A5A /* ShowcaseJB.app */;
			productType = "com.apple.product-type.application";
		};
/* End PBXNativeTarget section */

/* Begin PBXProject section */
		F985245C1C66FA8000847A5A /* Project object */ = {
			isa = PBXProject;
			attributes = {
				LastSwiftUpdateCheck = 0720;
				LastUpgradeCheck = 0720;
				ORGANIZATIONNAME = "Jonny B";
				TargetAttributes = {
					F98524631C66FA8000847A5A = {
						CreatedOnToolsVersion = 7.2;
					};
				};
			};
			buildConfigurationList = F985245F1C66FA8000847A5A /* Build configuration list for PBXProject "ShowcaseJB" */;
			compatibilityVersion = "Xcode 3.2";
			developmentRegion = English;
			hasScannedForEncodings = 0;
			knownRegions = (
				en,
				Base,
			);
			mainGroup = F985245B1C66FA8000847A5A;
			productRefGroup = F98524651C66FA8000847A5A /* Products */;
			projectDirPath = "";
			projectRoot = "";
			targets = (
				F98524631C66FA8000847A5A /* ShowcaseJB */,
			);
		};
/* End PBXProject section */

/* Begin PBXResourcesBuildPhase section */
		F98524621C66FA8000847A5A /* Resources */ = {
			isa = PBXResourcesBuildPhase;
			buildActionMask = 2147483647;
			files = (
				F98524721C66FA8000847A5A /* LaunchScreen.storyboard in Resources */,
				F985246F1C66FA8000847A5A /* Assets.xcassets in Resources */,
				F985246D1C66FA8000847A5A /* Main.storyboard in Resources */,
			);
			runOnlyForDeploymentPostprocessing = 0;
		};
/* End PBXResourcesBuildPhase section */

/* Begin PBXSourcesBuildPhase section */
		F98524601C66FA8000847A5A /* Sources */ = {
			isa = PBXSourcesBuildPhase;
			buildActionMask = 2147483647;
			files = (
				F985246A1C66FA8000847A5A /* ViewController.swift in Sources */,
				F98524681C66FA8000847A5A /* AppDelegate.swift in Sources */,
			);
			runOnlyForDeploymentPostprocessing = 0;
		};
/* End PBXSourcesBuildPhase section */

/* Begin PBXVariantGroup section */
		F985246B1C66FA8000847A5A /* Main.storyboard */ = {
			isa = PBXVariantGroup;
			children = (
				F985246C1C66FA8000847A5A /* Base */,
			);
			name = Main.storyboard;
			sourceTree = "<group>";
		};
		F98524701C66FA8000847A5A /* LaunchScreen.storyboard */ = {
			isa = PBXVariantGroup;
			children = (
				F98524711C66FA8000847A5A /* Base */,
			);
			name = LaunchScreen.storyboard;
			sourceTree = "<group>";
		};
/* End PBXVariantGroup section */

/* Begin XCBuildConfiguration section */
		F98524741C66FA8000847A5A /* Debug */ = {
			isa = XCBuildConfiguration;
			buildSettings = {
				ALWAYS_SEARCH_USER_PATHS = NO;
				CLANG_CXX_LANGUAGE_STANDARD = "gnu++0x";
				CLANG_CXX_LIBRARY = "libc++";
				CLANG_ENABLE_MODULES = YES;
				CLANG_ENABLE_OBJC_ARC = YES;
				CLANG_WARN_BOOL_CONVERSION = YES;
				CLANG_WARN_CONSTANT_CONVERSION = YES;
				CLANG_WARN_DIRECT_OBJC_ISA_USAGE = YES_ERROR;
				CLANG_WARN_EMPTY_BODY = YES;
				CLANG_WARN_ENUM_CONVERSION = YES;
				CLANG_WARN_INT_CONVERSION = YES;
				CLANG_WARN_OBJC_ROOT_CLASS = YES_ERROR;
				CLANG_WARN_UNREACHABLE_CODE = YES;
				CLANG_WARN__DUPLICATE_METHOD_MATCH = YES;
				"CODE_SIGN_IDENTITY[sdk=iphoneos*]" = "iPhone Developer";
				COPY_PHASE_STRIP = NO;
				DEBUG_INFORMATION_FORMAT = dwarf;
				ENABLE_STRICT_OBJC_MSGSEND = YES;
				ENABLE_TESTABILITY = YES;
				GCC_C_LANGUAGE_STANDARD = gnu99;
				GCC_DYNAMIC_NO_PIC = NO;
				GCC_NO_COMMON_BLOCKS = YES;
				GCC_OPTIMIZATION_LEVEL = 0;
				GCC_PREPROCESSOR_DEFINITIONS = (
					"DEBUG=1",
					"$(inherited)",
				);
				GCC_WARN_64_TO_32_BIT_CONVERSION = YES;
				GCC_WARN_ABOUT_RETURN_TYPE = YES_ERROR;
				GCC_WARN_UNDECLARED_SELECTOR = YES;
				GCC_WARN_UNINITIALIZED_AUTOS = YES_AGGRESSIVE;
				GCC_WARN_UNUSED_FUNCTION = YES;
				GCC_WARN_UNUSED_VARIABLE = YES;
				IPHONEOS_DEPLOYMENT_TARGET = 9.2;
				MTL_ENABLE_DEBUG_INFO = YES;
				ONLY_ACTIVE_ARCH = YES;
				SDKROOT = iphoneos;
				SWIFT_OPTIMIZATION_LEVEL = "-Onone";
			};
			name = Debug;
		};
		F98524751C66FA8000847A5A /* Release */ = {
			isa = XCBuildConfiguration;
			buildSettings = {
				ALWAYS_SEARCH_USER_PATHS = NO;
				CLANG_CXX_LANGUAGE_STANDARD = "gnu++0x";
				CLANG_CXX_LIBRARY = "libc++";
				CLANG_ENABLE_MODULES = YES;
				CLANG_ENABLE_OBJC_ARC = YES;
				CLANG_WARN_BOOL_CONVERSION = YES;
				CLANG_WARN_CONSTANT_CONVERSION = YES;
				CLANG_WARN_DIRECT_OBJC_ISA_USAGE = YES_ERROR;
				CLANG_WARN_EMPTY_BODY = YES;
				CLANG_WARN_ENUM_CONVERSION = YES;
				CLANG_WARN_INT_CONVERSION = YES;
				CLANG_WARN_OBJC_ROOT_CLASS = YES_ERROR;
				CLANG_WARN_UNREACHABLE_CODE = YES;
				CLANG_WARN__DUPLICATE_METHOD_MATCH = YES;
				"CODE_SIGN_IDENTITY[sdk=iphoneos*]" = "iPhone Developer";
				COPY_PHASE_STRIP = NO;
				DEBUG_INFORMATION_FORMAT = "dwarf-with-dsym";
				ENABLE_NS_ASSERTIONS = NO;
				ENABLE_STRICT_OBJC_MSGSEND = YES;
				GCC_C_LANGUAGE_STANDARD = gnu99;
				GCC_NO_COMMON_BLOCKS = YES;
				GCC_WARN_64_TO_32_BIT_CONVERSION = YES;
				GCC_WARN_ABOUT_RETURN_TYPE = YES_ERROR;
				GCC_WARN_UNDECLARED_SELECTOR = YES;
				GCC_WARN_UNINITIALIZED_AUTOS = YES_AGGRESSIVE;
				GCC_WARN_UNUSED_FUNCTION = YES;
				GCC_WARN_UNUSED_VARIABLE = YES;
				IPHONEOS_DEPLOYMENT_TARGET = 9.2;
				MTL_ENABLE_DEBUG_INFO = NO;
				SDKROOT = iphoneos;
				VALIDATE_PRODUCT = YES;
			};
			name = Release;
		};
		F98524771C66FA8000847A5A /* Debug */ = {
			isa = XCBuildConfiguration;
			buildSettings = {
				ASSETCATALOG_COMPILER_APPICON_NAME = AppIcon;
				INFOPLIST_FILE = ShowcaseJB/Info.plist;
				LD_RUNPATH_SEARCH_PATHS = "$(inherited) @executable_path/Frameworks";
				PRODUCT_BUNDLE_IDENTIFIER = com.jonathanburgoyne.ShowcaseJB;
				PRODUCT_NAME = "$(TARGET_NAME)";
			};
			name = Debug;
		};
		F98524781C66FA8000847A5A /* Release */ = {
			isa = XCBuildConfiguration;
			buildSettings = {
				ASSETCATALOG_COMPILER_APPICON_NAME = AppIcon;
				INFOPLIST_FILE = ShowcaseJB/Info.plist;
				LD_RUNPATH_SEARCH_PATHS = "$(inherited) @executable_path/Frameworks";
				PRODUCT_BUNDLE_IDENTIFIER = com.jonathanburgoyne.ShowcaseJB;
				PRODUCT_NAME = "$(TARGET_NAME)";
			};
			name = Release;
		};
/* End XCBuildConfiguration section */

/* Begin XCConfigurationList section */
		F985245F1C66FA8000847A5A /* Build configuration list for PBXProject "ShowcaseJB" */ = {
			isa = XCConfigurationList;
			buildConfigurations = (
				F98524741C66FA8000847A5A /* Debug */,
				F98524751C66FA8000847A5A /* Release */,
			);
			defaultConfigurationIsVisible = 0;
			defaultConfigurationName = Release;
		};
		F98524761C66FA8000847A5A /* Build configuration list for PBXNativeTarget "ShowcaseJB" */ = {
			isa = XCConfigurationList;
			buildConfigurations = (
				F98524771C66FA8000847A5A /* Debug */,
				F98524781C66FA8000847A5A /* Release */,
			);
			defaultConfigurationIsVisible = 0;
		};
/* End XCConfigurationList section */
	};
	rootObject = F985245C1C66FA8000847A5A /* Project object */;
}
